
Microsoft Visual Studio Solution File, Format Version 12.00
# Visual Studio Version 17
VisualStudioVersion = 17.5.002.0
MinimumVisualStudioVersion = 10.0.40219.1
Project("{9A19103F-16F7-4668-BE54-9A1E7A4F7556}") = "MVC", "MVC.csproj", "{AD2BFC0B-88B0-4AE8-81F6-3BB78312291B}"
EndProject
Global
	GlobalSection(SolutionConfigurationPlatforms) = preSolution
		Debug|Any CPU = Debug|Any CPU
		Release|Any CPU = Release|Any CPU
	EndGlobalSection
	GlobalSection(ProjectConfigurationPlatforms) = postSolution
		{AD2BFC0B-88B0-4AE8-81F6-3BB78312291B}.Debug|Any CPU.ActiveCfg = Debug|Any CPU
		{AD2BFC0B-88B0-4AE8-81F6-3BB78312291B}.Debug|Any CPU.Build.0 = Debug|Any CPU
		{AD2BFC0B-88B0-4AE8-81F6-3BB78312291B}.Release|Any CPU.ActiveCfg = Release|Any CPU
		{AD2BFC0B-88B0-4AE8-81F6-3BB78312291B}.Release|Any CPU.Build.0 = Release|Any CPU
	EndGlobalSection
	GlobalSection(SolutionProperties) = preSolution
		HideSolutionNode = FALSE
	EndGlobalSection
	GlobalSection(ExtensibilityGlobals) = postSolution
		SolutionGuid = {4AC1B4BC-E98B-4383-9599-CCE380F2ED2F}
	EndGlobalSection
EndGlobal
